
Microsoft Visual Studio Solution File, Format Version 12.00
Project("{FAE04EC0-301F-11D3-BF4B-00C04F79EFBC}") = "Catalogue", "Catalogue\Catalogue.csproj", "{BD7DE7DC-8F52-4395-9EEA-C99012038209}"
EndProject
Global
	GlobalSection(SolutionConfigurationPlatforms) = preSolution
		Debug|Any CPU = Debug|Any CPU
		Release|Any CPU = Release|Any CPU
	EndGlobalSection
	GlobalSection(ProjectConfigurationPlatforms) = postSolution
		{BD7DE7DC-8F52-4395-9EEA-C99012038209}.Debug|Any CPU.ActiveCfg = Debug|Any CPU
		{BD7DE7DC-8F52-4395-9EEA-C99012038209}.Debug|Any CPU.Build.0 = Debug|Any CPU
		{BD7DE7DC-8F52-4395-9EEA-C99012038209}.Release|Any CPU.ActiveCfg = Release|Any CPU
		{BD7DE7DC-8F52-4395-9EEA-C99012038209}.Release|Any CPU.Build.0 = Release|Any CPU
	EndGlobalSection
EndGlobal
